
Microsoft Visual Studio Solution File, Format Version 12.00
# Visual Studio Version 17
VisualStudioVersion = 17.3.32929.385
MinimumVisualStudioVersion = 10.0.40219.1
Project("{FAE04EC0-301F-11D3-BF4B-00C04F79EFBC}") = "RegexDemo", "RegexDemo\RegexDemo.csproj", "{21CA747B-8A88-4661-A578-C239B37CCFC2}"
EndProject
Global
	GlobalSection(SolutionConfigurationPlatforms) = preSolution
		Debug|Any CPU = Debug|Any CPU
		Release|Any CPU = Release|Any CPU
	EndGlobalSection
	GlobalSection(ProjectConfigurationPlatforms) = postSolution
		{21CA747B-8A88-4661-A578-C239B37CCFC2}.Debug|Any CPU.ActiveCfg = Debug|Any CPU
		{21CA747B-8A88-4661-A578-C239B37CCFC2}.Debug|Any CPU.Build.0 = Debug|Any CPU
		{21CA747B-8A88-4661-A578-C239B37CCFC2}.Release|Any CPU.ActiveCfg = Release|Any CPU
		{21CA747B-8A88-4661-A578-C239B37CCFC2}.Release|Any CPU.Build.0 = Release|Any CPU
	EndGlobalSection
	GlobalSection(SolutionProperties) = preSolution
		HideSolutionNode = FALSE
	EndGlobalSection
	GlobalSection(ExtensibilityGlobals) = postSolution
		SolutionGuid = {EC935265-2619-4074-87AC-ACCC4DFFE509}
	EndGlobalSection
EndGlobal
